
Microsoft Visual Studio Solution File, Format Version 12.00
# Visual Studio 15
VisualStudioVersion = 15.0.27703.2042
MinimumVisualStudioVersion = 10.0.40219.1
Project("{9A19103F-16F7-4668-BE54-9A1E7A4F7556}") = "Abbott.Tips.EntityFrameworkCore", "Abbott.Tips.EntityFrameworkCore\Abbott.Tips.EntityFrameworkCore.csproj", "{49620D2D-41A0-4DC7-9E1A-C808F83BEBB0}"
EndProject
Project("{9A19103F-16F7-4668-BE54-9A1E7A4F7556}") = "Abbott.Tips.ApiCore", "Abbott.Tips.ApiCore\Abbott.Tips.ApiCore.csproj", "{F8197CC5-6109-43B8-8677-ECF90AEFE01D}"
EndProject
Project("{9A19103F-16F7-4668-BE54-9A1E7A4F7556}") = "Abbott.Tips.Framework", "Abbott.Tips.Framework\Abbott.Tips.Framework.csproj", "{EB494869-1052-48C0-8FB7-187F9D46E95D}"
EndProject
Project("{9A19103F-16F7-4668-BE54-9A1E7A4F7556}") = "Abbott.Tips.AspnetCore", "Abbott.Tips.AspnetCore\Abbott.Tips.AspnetCore.csproj", "{F25CD8E2-9CD3-4EB5-9163-993EE475D4EC}"
EndProject
Project("{9A19103F-16F7-4668-BE54-9A1E7A4F7556}") = "Abbott.Tips.Core", "Abbott.Tips.Core\Abbott.Tips.Core.csproj", "{B924A4AE-E55E-46B8-B6E3-04924A296360}"
EndProject
Project("{9A19103F-16F7-4668-BE54-9A1E7A4F7556}") = "Abbott.Tips.Application", "Abbott.Tips.Application\Abbott.Tips.Application.csproj", "{89E168C8-34E4-4A7D-A41D-BF89E3F0499D}"
EndProject
Project("{9A19103F-16F7-4668-BE54-9A1E7A4F7556}") = "Abbott.Tips.Model", "Abbott.Tips.Model\Abbott.Tips.Model.csproj", "{9CCA0CBF-B167-43BD-B0E2-36F76E13F1BD}"
EndProject
Project("{9A19103F-16F7-4668-BE54-9A1E7A4F7556}") = "Abbott.Tips.WebHost", "Abbott.Tips.WebHost\Abbott.Tips.WebHost.csproj", "{3B5B57AE-5F2B-4475-A5DC-B3C075B048C3}"
EndProject
Project("{FAE04EC0-301F-11D3-BF4B-00C04F79EFBC}") = "Abbott.Tips.Extensions", "Abbott.Tips.Extensions\Abbott.Tips.Extensions.csproj", "{A3D81964-5176-4A98-83C4-4C0744E03660}"
EndProject
Global
	GlobalSection(SolutionConfigurationPlatforms) = preSolution
		Debug|Any CPU = Debug|Any CPU
		Release|Any CPU = Release|Any CPU
	EndGlobalSection
	GlobalSection(ProjectConfigurationPlatforms) = postSolution
		{49620D2D-41A0-4DC7-9E1A-C808F83BEBB0}.Debug|Any CPU.ActiveCfg = Debug|Any CPU
		{49620D2D-41A0-4DC7-9E1A-C808F83BEBB0}.Debug|Any CPU.Build.0 = Debug|Any CPU
		{49620D2D-41A0-4DC7-9E1A-C808F83BEBB0}.Release|Any CPU.ActiveCfg = Release|Any CPU
		{49620D2D-41A0-4DC7-9E1A-C808F83BEBB0}.Release|Any CPU.Build.0 = Release|Any CPU
		{F8197CC5-6109-43B8-8677-ECF90AEFE01D}.Debug|Any CPU.ActiveCfg = Debug|Any CPU
		{F8197CC5-6109-43B8-8677-ECF90AEFE01D}.Debug|Any CPU.Build.0 = Debug|Any CPU
		{F8197CC5-6109-43B8-8677-ECF90AEFE01D}.Release|Any CPU.ActiveCfg = Release|Any CPU
		{F8197CC5-6109-43B8-8677-ECF90AEFE01D}.Release|Any CPU.Build.0 = Release|Any CPU
		{EB494869-1052-48C0-8FB7-187F9D46E95D}.Debug|Any CPU.ActiveCfg = Debug|Any CPU
		{EB494869-1052-48C0-8FB7-187F9D46E95D}.Debug|Any CPU.Build.0 = Debug|Any CPU
		{EB494869-1052-48C0-8FB7-187F9D46E95D}.Release|Any CPU.ActiveCfg = Release|Any CPU
		{EB494869-1052-48C0-8FB7-187F9D46E95D}.Release|Any CPU.Build.0 = Release|Any CPU
		{F25CD8E2-9CD3-4EB5-9163-993EE475D4EC}.Debug|Any CPU.ActiveCfg = Debug|Any CPU
		{F25CD8E2-9CD3-4EB5-9163-993EE475D4EC}.Debug|Any CPU.Build.0 = Debug|Any CPU
		{F25CD8E2-9CD3-4EB5-9163-993EE475D4EC}.Release|Any CPU.ActiveCfg = Release|Any CPU
		{F25CD8E2-9CD3-4EB5-9163-993EE475D4EC}.Release|Any CPU.Build.0 = Release|Any CPU
		{B924A4AE-E55E-46B8-B6E3-04924A296360}.Debug|Any CPU.ActiveCfg = Debug|Any CPU
		{B924A4AE-E55E-46B8-B6E3-04924A296360}.Debug|Any CPU.Build.0 = Debug|Any CPU
		{B924A4AE-E55E-46B8-B6E3-04924A296360}.Release|Any CPU.ActiveCfg = Release|Any CPU
		{B924A4AE-E55E-46B8-B6E3-04924A296360}.Release|Any CPU.Build.0 = Release|Any CPU
		{89E168C8-34E4-4A7D-A41D-BF89E3F0499D}.Debug|Any CPU.ActiveCfg = Debug|Any CPU
		{89E168C8-34E4-4A7D-A41D-BF89E3F0499D}.Debug|Any CPU.Build.0 = Debug|Any CPU
		{89E168C8-34E4-4A7D-A41D-BF89E3F0499D}.Release|Any CPU.ActiveCfg = Release|Any CPU
		{89E168C8-34E4-4A7D-A41D-BF89E3F0499D}.Release|Any CPU.Build.0 = Release|Any CPU
		{9CCA0CBF-B167-43BD-B0E2-36F76E13F1BD}.Debug|Any CPU.ActiveCfg = Debug|Any CPU
		{9CCA0CBF-B167-43BD-B0E2-36F76E13F1BD}.Debug|Any CPU.Build.0 = Debug|Any CPU
		{9CCA0CBF-B167-43BD-B0E2-36F76E13F1BD}.Release|Any CPU.ActiveCfg = Release|Any CPU
		{9CCA0CBF-B167-43BD-B0E2-36F76E13F1BD}.Release|Any CPU.Build.0 = Release|Any CPU
		{3B5B57AE-5F2B-4475-A5DC-B3C075B048C3}.Debug|Any CPU.ActiveCfg = Debug|Any CPU
		{3B5B57AE-5F2B-4475-A5DC-B3C075B048C3}.Debug|Any CPU.Build.0 = Debug|Any CPU
		{3B5B57AE-5F2B-4475-A5DC-B3C075B048C3}.Release|Any CPU.ActiveCfg = Release|Any CPU
		{3B5B57AE-5F2B-4475-A5DC-B3C075B048C3}.Release|Any CPU.Build.0 = Release|Any CPU
		{A3D81964-5176-4A98-83C4-4C0744E03660}.Debug|Any CPU.ActiveCfg = Debug|Any CPU
		{A3D81964-5176-4A98-83C4-4C0744E03660}.Debug|Any CPU.Build.0 = Debug|Any CPU
		{A3D81964-5176-4A98-83C4-4C0744E03660}.Release|Any CPU.ActiveCfg = Release|Any CPU
		{A3D81964-5176-4A98-83C4-4C0744E03660}.Release|Any CPU.Build.0 = Release|Any CPU
	EndGlobalSection
	GlobalSection(SolutionProperties) = preSolution
		HideSolutionNode = FALSE
	EndGlobalSection
	GlobalSection(ExtensibilityGlobals) = postSolution
		SolutionGuid = {5FB80EFF-1327-450C-85CF-0BD6F98EB747}
	EndGlobalSection
EndGlobal
